
Microsoft Visual Studio Solution File, Format Version 12.00
# Visual Studio Version 17
VisualStudioVersion = 17.5.33627.172
MinimumVisualStudioVersion = 10.0.40219.1
Project("{9A19103F-16F7-4668-BE54-9A1E7A4F7556}") = "MusicSchoolEF", "MusicSchoolEF\MusicSchoolEF.csproj", "{6E11DA2F-F442-442E-944B-B29315893578}"
EndProject
Project("{FAE04EC0-301F-11D3-BF4B-00C04F79EFBC}") = "TestProject1", "TestProject1\TestProject1.csproj", "{888FB1D3-595E-42B1-8973-485A911F3093}"
EndProject
Global
	GlobalSection(SolutionConfigurationPlatforms) = preSolution
		Debug|Any CPU = Debug|Any CPU
		Release|Any CPU = Release|Any CPU
	EndGlobalSection
	GlobalSection(ProjectConfigurationPlatforms) = postSolution
		{6E11DA2F-F442-442E-944B-B29315893578}.Debug|Any CPU.ActiveCfg = Debug|Any CPU
		{6E11DA2F-F442-442E-944B-B29315893578}.Debug|Any CPU.Build.0 = Debug|Any CPU
		{6E11DA2F-F442-442E-944B-B29315893578}.Release|Any CPU.ActiveCfg = Release|Any CPU
		{6E11DA2F-F442-442E-944B-B29315893578}.Release|Any CPU.Build.0 = Release|Any CPU
		{888FB1D3-595E-42B1-8973-485A911F3093}.Debug|Any CPU.ActiveCfg = Debug|Any CPU
		{888FB1D3-595E-42B1-8973-485A911F3093}.Debug|Any CPU.Build.0 = Debug|Any CPU
		{888FB1D3-595E-42B1-8973-485A911F3093}.Release|Any CPU.ActiveCfg = Release|Any CPU
		{888FB1D3-595E-42B1-8973-485A911F3093}.Release|Any CPU.Build.0 = Release|Any CPU
	EndGlobalSection
	GlobalSection(SolutionProperties) = preSolution
		HideSolutionNode = FALSE
	EndGlobalSection
	GlobalSection(ExtensibilityGlobals) = postSolution
		SolutionGuid = {C6834EEE-EE87-433B-93B9-4ADDE6D1BFAA}
	EndGlobalSection
EndGlobal
